// !$*UTF8*$!
{
	archiveVersion = 1;
	classes = {
	};
	objectVersion = 56;
	objects = {

/* Begin PBXBuildFile section */
		0646DDB32BFCE27600077B07 /* ProductCell.xib in Resources */ = {isa = PBXBuildFile; fileRef = 0646DDB22BFCE27600077B07 /* ProductCell.xib */; };
		0646DDB42BFCE27600077B07 /* ProductCell.swift in Sources */ = {isa = PBXBuildFile; fileRef = 0646DDB12BFCE27600077B07 /* ProductCell.swift */; };
		0646DDB62BFCE41500077B07 /* NetworkManager.swift in Sources */ = {isa = PBXBuildFile; fileRef = 0646DDB52BFCE41500077B07 /* NetworkManager.swift */; };
		0646DDBD2BFCE5A100077B07 /* ProductEndPoint.swift in Sources */ = {isa = PBXBuildFile; fileRef = 0646DDBC2BFCE5A100077B07 /* ProductEndPoint.swift */; };
		0646DDBF2BFCE5CB00077B07 /* EndPoint.swift in Sources */ = {isa = PBXBuildFile; fileRef = 0646DDBE2BFCE5CB00077B07 /* EndPoint.swift */; };
		0646DDC12BFCEADA00077B07 /* ProductRequestInterceptor.swift in Sources */ = {isa = PBXBuildFile; fileRef = 0646DDC02BFCEADA00077B07 /* ProductRequestInterceptor.swift */; };
		0646DDC32BFCEDD300077B07 /* NSNotification.swift in Sources */ = {isa = PBXBuildFile; fileRef = 0646DDC22BFCEDD300077B07 /* NSNotification.swift */; };
		0646DDC52BFCEEDA00077B07 /* NetworkError.swift in Sources */ = {isa = PBXBuildFile; fileRef = 0646DDC42BFCEEDA00077B07 /* NetworkError.swift */; };
		0646DDC92BFCF25500077B07 /* ProductListResponse.swift in Sources */ = {isa = PBXBuildFile; fileRef = 0646DDC82BFCF25500077B07 /* ProductListResponse.swift */; };
		0646DDCB2BFCFA5900077B07 /* ProductRemoteDataSource.swift in Sources */ = {isa = PBXBuildFile; fileRef = 0646DDCA2BFCFA5900077B07 /* ProductRemoteDataSource.swift */; };
		0646DDCD2BFD025F00077B07 /* ProductRepository.swift in Sources */ = {isa = PBXBuildFile; fileRef = 0646DDCC2BFD025F00077B07 /* ProductRepository.swift */; };
		0646DDCF2BFD1B6F00077B07 /* Array.swift in Sources */ = {isa = PBXBuildFile; fileRef = 0646DDCE2BFD1B6F00077B07 /* Array.swift */; };
		0646DDD12BFD281B00077B07 /* UIImageView.swift in Sources */ = {isa = PBXBuildFile; fileRef = 0646DDD02BFD281B00077B07 /* UIImageView.swift */; };
		0646DDD42BFD28E400077B07 /* Kingfisher in Frameworks */ = {isa = PBXBuildFile; productRef = 0646DDD32BFD28E400077B07 /* Kingfisher */; };
		0651E5592BFDC5C20051849B /* ProductDetailVC.swift in Sources */ = {isa = PBXBuildFile; fileRef = 0651E5582BFDC5C20051849B /* ProductDetailVC.swift */; };
		0651E55E2BFDC9680051849B /* ProductDetailCell.xib in Resources */ = {isa = PBXBuildFile; fileRef = 0651E55D2BFDC9680051849B /* ProductDetailCell.xib */; };
		0651E55F2BFDC9680051849B /* ProductDetailCell.swift in Sources */ = {isa = PBXBuildFile; fileRef = 0651E55C2BFDC9680051849B /* ProductDetailCell.swift */; };
		0651E5612BFDD5120051849B /* Double.swift in Sources */ = {isa = PBXBuildFile; fileRef = 0651E5602BFDD5120051849B /* Double.swift */; };
		0651E5632BFDD9BE0051849B /* ProductDetailVM.swift in Sources */ = {isa = PBXBuildFile; fileRef = 0651E5622BFDD9BE0051849B /* ProductDetailVM.swift */; };
		06CE965F2BFECCC600919501 /* ProductSearchVC.swift in Sources */ = {isa = PBXBuildFile; fileRef = 06CE965E2BFECCC600919501 /* ProductSearchVC.swift */; };
		06CE96612BFECCD400919501 /* ProductSearchVM.swift in Sources */ = {isa = PBXBuildFile; fileRef = 06CE96602BFECCD400919501 /* ProductSearchVM.swift */; };
		06CE96632BFEEBBA00919501 /* ProductSearchRequest.swift in Sources */ = {isa = PBXBuildFile; fileRef = 06CE96622BFEEBBA00919501 /* ProductSearchRequest.swift */; };
		06CE96652BFEEDA100919501 /* Encodable.swift in Sources */ = {isa = PBXBuildFile; fileRef = 06CE96642BFEEDA100919501 /* Encodable.swift */; };
		06CE96692BFEFDB800919501 /* ProductSearchCell.xib in Resources */ = {isa = PBXBuildFile; fileRef = 06CE96682BFEFDB800919501 /* ProductSearchCell.xib */; };
		06CE966A2BFEFDB800919501 /* ProductSearchCell.swift in Sources */ = {isa = PBXBuildFile; fileRef = 06CE96672BFEFDB800919501 /* ProductSearchCell.swift */; };
		06CE96722BFF5CFC00919501 /* Alamofire in Frameworks */ = {isa = PBXBuildFile; productRef = 06CE96712BFF5CFC00919501 /* Alamofire */; };
		06DCF0792BFB7F2100D17D51 /* AppDelegate.swift in Sources */ = {isa = PBXBuildFile; fileRef = 06DCF0782BFB7F2100D17D51 /* AppDelegate.swift */; };
		06DCF07B2BFB7F2100D17D51 /* SceneDelegate.swift in Sources */ = {isa = PBXBuildFile; fileRef = 06DCF07A2BFB7F2100D17D51 /* SceneDelegate.swift */; };
		06DCF0802BFB7F2100D17D51 /* Base in Resources */ = {isa = PBXBuildFile; fileRef = 06DCF07F2BFB7F2100D17D51 /* Base */; };
		06DCF0822BFB7F2500D17D51 /* Assets.xcassets in Resources */ = {isa = PBXBuildFile; fileRef = 06DCF0812BFB7F2500D17D51 /* Assets.xcassets */; };
		06DCF0852BFB7F2500D17D51 /* Base in Resources */ = {isa = PBXBuildFile; fileRef = 06DCF0842BFB7F2500D17D51 /* Base */; };
		06DCF09C2BFBB60F00D17D51 /* StoryBoarded.swift in Sources */ = {isa = PBXBuildFile; fileRef = 06DCF09B2BFBB60F00D17D51 /* StoryBoarded.swift */; };
		06DCF09E2BFBBC2300D17D51 /* ProductListVC.swift in Sources */ = {isa = PBXBuildFile; fileRef = 06DCF09D2BFBBC2300D17D51 /* ProductListVC.swift */; };
		06DCF0A12BFBBC3F00D17D51 /* ProductListVM.swift in Sources */ = {isa = PBXBuildFile; fileRef = 06DCF0A02BFBBC3F00D17D51 /* ProductListVM.swift */; };
		06DCF0A62BFBBDB300D17D51 /* RootNC.swift in Sources */ = {isa = PBXBuildFile; fileRef = 06DCF0A52BFBBDB300D17D51 /* RootNC.swift */; };
		06DCF0AB2BFBBEAB00D17D51 /* TabBarVC.swift in Sources */ = {isa = PBXBuildFile; fileRef = 06DCF0AA2BFBBEAB00D17D51 /* TabBarVC.swift */; };
		06DCF0AE2BFBBF2C00D17D51 /* ProfileVC.swift in Sources */ = {isa = PBXBuildFile; fileRef = 06DCF0AD2BFBBF2C00D17D51 /* ProfileVC.swift */; };
		06DCF0B12BFC688C00D17D51 /* CartVC.swift in Sources */ = {isa = PBXBuildFile; fileRef = 06DCF0B02BFC688C00D17D51 /* CartVC.swift */; };
		06DCF0B42BFC68E700D17D51 /* WishListVC.swift in Sources */ = {isa = PBXBuildFile; fileRef = 06DCF0B32BFC68E700D17D51 /* WishListVC.swift */; };
/* End PBXBuildFile section */

/* Begin PBXFileReference section */
		0646DDB12BFCE27600077B07 /* ProductCell.swift */ = {isa = PBXFileReference; lastKnownFileType = sourcecode.swift; path = ProductCell.swift; sourceTree = "<group>"; };
		0646DDB22BFCE27600077B07 /* ProductCell.xib */ = {isa = PBXFileReference; lastKnownFileType = file.xib; path = ProductCell.xib; sourceTree = "<group>"; };
		0646DDB52BFCE41500077B07 /* NetworkManager.swift */ = {isa = PBXFileReference; lastKnownFileType = sourcecode.swift; path = NetworkManager.swift; sourceTree = "<group>"; };
		0646DDBC2BFCE5A100077B07 /* ProductEndPoint.swift */ = {isa = PBXFileReference; lastKnownFileType = sourcecode.swift; path = ProductEndPoint.swift; sourceTree = "<group>"; };
		0646DDBE2BFCE5CB00077B07 /* EndPoint.swift */ = {isa = PBXFileReference; lastKnownFileType = sourcecode.swift; path = EndPoint.swift; sourceTree = "<group>"; };
		0646DDC02BFCEADA00077B07 /* ProductRequestInterceptor.swift */ = {isa = PBXFileReference; lastKnownFileType = sourcecode.swift; path = ProductRequestInterceptor.swift; sourceTree = "<group>"; };
		0646DDC22BFCEDD300077B07 /* NSNotification.swift */ = {isa = PBXFileReference; lastKnownFileType = sourcecode.swift; path = NSNotification.swift; sourceTree = "<group>"; };
		0646DDC42BFCEEDA00077B07 /* NetworkError.swift */ = {isa = PBXFileReference; lastKnownFileType = sourcecode.swift; path = NetworkError.swift; sourceTree = "<group>"; };
		0646DDC82BFCF25500077B07 /* ProductListResponse.swift */ = {isa = PBXFileReference; lastKnownFileType = sourcecode.swift; path = ProductListResponse.swift; sourceTree = "<group>"; };
		0646DDCA2BFCFA5900077B07 /* ProductRemoteDataSource.swift */ = {isa = PBXFileReference; lastKnownFileType = sourcecode.swift; path = ProductRemoteDataSource.swift; sourceTree = "<group>"; };
		0646DDCC2BFD025F00077B07 /* ProductRepository.swift */ = {isa = PBXFileReference; lastKnownFileType = sourcecode.swift; path = ProductRepository.swift; sourceTree = "<group>"; };
		0646DDCE2BFD1B6F00077B07 /* Array.swift */ = {isa = PBXFileReference; lastKnownFileType = sourcecode.swift; path = Array.swift; sourceTree = "<group>"; };
		0646DDD02BFD281B00077B07 /* UIImageView.swift */ = {isa = PBXFileReference; lastKnownFileType = sourcecode.swift; path = UIImageView.swift; sourceTree = "<group>"; };
		0651E5582BFDC5C20051849B /* ProductDetailVC.swift */ = {isa = PBXFileReference; lastKnownFileType = sourcecode.swift; path = ProductDetailVC.swift; sourceTree = "<group>"; };
		0651E55C2BFDC9680051849B /* ProductDetailCell.swift */ = {isa = PBXFileReference; lastKnownFileType = sourcecode.swift; path = ProductDetailCell.swift; sourceTree = "<group>"; };
		0651E55D2BFDC9680051849B /* ProductDetailCell.xib */ = {isa = PBXFileReference; lastKnownFileType = file.xib; path = ProductDetailCell.xib; sourceTree = "<group>"; };
		0651E5602BFDD5120051849B /* Double.swift */ = {isa = PBXFileReference; lastKnownFileType = sourcecode.swift; path = Double.swift; sourceTree = "<group>"; };
		0651E5622BFDD9BE0051849B /* ProductDetailVM.swift */ = {isa = PBXFileReference; lastKnownFileType = sourcecode.swift; path = ProductDetailVM.swift; sourceTree = "<group>"; };
		06CE965E2BFECCC600919501 /* ProductSearchVC.swift */ = {isa = PBXFileReference; lastKnownFileType = sourcecode.swift; path = ProductSearchVC.swift; sourceTree = "<group>"; };
		06CE96602BFECCD400919501 /* ProductSearchVM.swift */ = {isa = PBXFileReference; lastKnownFileType = sourcecode.swift; path = ProductSearchVM.swift; sourceTree = "<group>"; };
		06CE96622BFEEBBA00919501 /* ProductSearchRequest.swift */ = {isa = PBXFileReference; lastKnownFileType = sourcecode.swift; path = ProductSearchRequest.swift; sourceTree = "<group>"; };
		06CE96642BFEEDA100919501 /* Encodable.swift */ = {isa = PBXFileReference; lastKnownFileType = sourcecode.swift; path = Encodable.swift; sourceTree = "<group>"; };
		06CE96672BFEFDB800919501 /* ProductSearchCell.swift */ = {isa = PBXFileReference; lastKnownFileType = sourcecode.swift; path = ProductSearchCell.swift; sourceTree = "<group>"; };
		06CE96682BFEFDB800919501 /* ProductSearchCell.xib */ = {isa = PBXFileReference; lastKnownFileType = file.xib; path = ProductSearchCell.xib; sourceTree = "<group>"; };
		06DCF0752BFB7F2100D17D51 /* Product.app */ = {isa = PBXFileReference; explicitFileType = wrapper.application; includeInIndex = 0; path = Product.app; sourceTree = BUILT_PRODUCTS_DIR; };
		06DCF0782BFB7F2100D17D51 /* AppDelegate.swift */ = {isa = PBXFileReference; lastKnownFileType = sourcecode.swift; path = AppDelegate.swift; sourceTree = "<group>"; };
		06DCF07A2BFB7F2100D17D51 /* SceneDelegate.swift */ = {isa = PBXFileReference; lastKnownFileType = sourcecode.swift; path = SceneDelegate.swift; sourceTree = "<group>"; };
		06DCF07F2BFB7F2100D17D51 /* Base */ = {isa = PBXFileReference; lastKnownFileType = file.storyboard; name = Base; path = Base.lproj/Main.storyboard; sourceTree = "<group>"; };
		06DCF0812BFB7F2500D17D51 /* Assets.xcassets */ = {isa = PBXFileReference; lastKnownFileType = folder.assetcatalog; path = Assets.xcassets; sourceTree = "<group>"; };
		06DCF0842BFB7F2500D17D51 /* Base */ = {isa = PBXFileReference; lastKnownFileType = file.storyboard; name = Base; path = Base.lproj/LaunchScreen.storyboard; sourceTree = "<group>"; };
		06DCF0862BFB7F2600D17D51 /* Info.plist */ = {isa = PBXFileReference; lastKnownFileType = text.plist.xml; path = Info.plist; sourceTree = "<group>"; };
		06DCF09B2BFBB60F00D17D51 /* StoryBoarded.swift */ = {isa = PBXFileReference; lastKnownFileType = sourcecode.swift; path = StoryBoarded.swift; sourceTree = "<group>"; };
		06DCF09D2BFBBC2300D17D51 /* ProductListVC.swift */ = {isa = PBXFileReference; lastKnownFileType = sourcecode.swift; path = ProductListVC.swift; sourceTree = "<group>"; };
		06DCF0A02BFBBC3F00D17D51 /* ProductListVM.swift */ = {isa = PBXFileReference; lastKnownFileType = sourcecode.swift; path = ProductListVM.swift; sourceTree = "<group>"; };
		06DCF0A52BFBBDB300D17D51 /* RootNC.swift */ = {isa = PBXFileReference; lastKnownFileType = sourcecode.swift; path = RootNC.swift; sourceTree = "<group>"; };
		06DCF0AA2BFBBEAB00D17D51 /* TabBarVC.swift */ = {isa = PBXFileReference; lastKnownFileType = sourcecode.swift; path = TabBarVC.swift; sourceTree = "<group>"; };
		06DCF0AD2BFBBF2C00D17D51 /* ProfileVC.swift */ = {isa = PBXFileReference; lastKnownFileType = sourcecode.swift; path = ProfileVC.swift; sourceTree = "<group>"; };
		06DCF0B02BFC688C00D17D51 /* CartVC.swift */ = {isa = PBXFileReference; lastKnownFileType = sourcecode.swift; path = CartVC.swift; sourceTree = "<group>"; };
		06DCF0B32BFC68E700D17D51 /* WishListVC.swift */ = {isa = PBXFileReference; lastKnownFileType = sourcecode.swift; path = WishListVC.swift; sourceTree = "<group>"; };
/* End PBXFileReference section */

/* Begin PBXFrameworksBuildPhase section */
		06DCF0722BFB7F2100D17D51 /* Frameworks */ = {
			isa = PBXFrameworksBuildPhase;
			buildActionMask = 2147483647;
			files = (
				0646DDD42BFD28E400077B07 /* Kingfisher in Frameworks */,
				06CE96722BFF5CFC00919501 /* Alamofire in Frameworks */,
			);
			runOnlyForDeploymentPostprocessing = 0;
		};
/* End PBXFrameworksBuildPhase section */

/* Begin PBXGroup section */
		0651E5572BFDC4CE0051849B /* ProductDetail */ = {
			isa = PBXGroup;
			children = (
				0651E5582BFDC5C20051849B /* ProductDetailVC.swift */,
				0651E5622BFDD9BE0051849B /* ProductDetailVM.swift */,
			);
			path = ProductDetail;
			sourceTree = "<group>";
		};
		0651E55A2BFDC9430051849B /* ProductCell */ = {
			isa = PBXGroup;
			children = (
				0646DDB12BFCE27600077B07 /* ProductCell.swift */,
				0646DDB22BFCE27600077B07 /* ProductCell.xib */,
			);
			path = ProductCell;
			sourceTree = "<group>";
		};
		0651E55B2BFDC94E0051849B /* ProductDetailCell */ = {
			isa = PBXGroup;
			children = (
				0651E55C2BFDC9680051849B /* ProductDetailCell.swift */,
				0651E55D2BFDC9680051849B /* ProductDetailCell.xib */,
			);
			path = ProductDetailCell;
			sourceTree = "<group>";
		};
		0651E5642BFE52C90051849B /* ProductSearch */ = {
			isa = PBXGroup;
			children = (
				06CE965E2BFECCC600919501 /* ProductSearchVC.swift */,
				06CE96602BFECCD400919501 /* ProductSearchVM.swift */,
			);
			path = ProductSearch;
			sourceTree = "<group>";
		};
		06CE96662BFEFD8E00919501 /* ProductSearchCell */ = {
			isa = PBXGroup;
			children = (
				06CE96672BFEFDB800919501 /* ProductSearchCell.swift */,
				06CE96682BFEFDB800919501 /* ProductSearchCell.xib */,
			);
			path = ProductSearchCell;
			sourceTree = "<group>";
		};
		06DCF06C2BFB7F2100D17D51 = {
			isa = PBXGroup;
			children = (
				06DCF0772BFB7F2100D17D51 /* Product */,
				06DCF0762BFB7F2100D17D51 /* Products */,
			);
			sourceTree = "<group>";
		};
		06DCF0762BFB7F2100D17D51 /* Products */ = {
			isa = PBXGroup;
			children = (
				06DCF0752BFB7F2100D17D51 /* Product.app */,
			);
			name = Products;
			sourceTree = "<group>";
		};
		06DCF0772BFB7F2100D17D51 /* Product */ = {
			isa = PBXGroup;
			children = (
				06DCF09A2BFBB5F900D17D51 /* Utility */,
				06DCF0992BFBB5F400D17D51 /* Extension */,
				06DCF08E2BFBAA3900D17D51 /* View */,
				06DCF08D2BFBAA2900D17D51 /* Data */,
				06DCF08C2BFB8CAC00D17D51 /* Storyboards */,
				06DCF0782BFB7F2100D17D51 /* AppDelegate.swift */,
				06DCF07A2BFB7F2100D17D51 /* SceneDelegate.swift */,
				06DCF0812BFB7F2500D17D51 /* Assets.xcassets */,
				06DCF0862BFB7F2600D17D51 /* Info.plist */,
			);
			path = Product;
			sourceTree = "<group>";
		};
		06DCF08C2BFB8CAC00D17D51 /* Storyboards */ = {
			isa = PBXGroup;
			children = (
				06DCF07E2BFB7F2100D17D51 /* Main.storyboard */,
				06DCF0832BFB7F2500D17D51 /* LaunchScreen.storyboard */,
			);
			path = Storyboards;
			sourceTree = "<group>";
		};
		06DCF08D2BFBAA2900D17D51 /* Data */ = {
			isa = PBXGroup;
			children = (
				06DCF0912BFBAA6A00D17D51 /* Network */,
				06DCF0952BFBAA7D00D17D51 /* Model */,
				06DCF0922BFBAA6F00D17D51 /* DataSource */,
				06DCF0982BFBAAA600D17D51 /* Repository */,
			);
			path = Data;
			sourceTree = "<group>";
		};
		06DCF08E2BFBAA3900D17D51 /* View */ = {
			isa = PBXGroup;
			children = (
				06DCF0A22BFBBD7700D17D51 /* Navigation */,
				06DCF0902BFBAA5E00D17D51 /* Cell */,
				06DCF08F2BFBAA5900D17D51 /* Vc */,
			);
			path = View;
			sourceTree = "<group>";
		};
		06DCF08F2BFBAA5900D17D51 /* Vc */ = {
			isa = PBXGroup;
			children = (
				06DCF0A72BFBBE2100D17D51 /* TabBar */,
				06DCF09F2BFBBC2C00D17D51 /* ProductList */,
				0651E5572BFDC4CE0051849B /* ProductDetail */,
				0651E5642BFE52C90051849B /* ProductSearch */,
				06DCF0B22BFC68D300D17D51 /* WishList */,
				06DCF0AF2BFC688200D17D51 /* Cart */,
				06DCF0AC2BFBBF1700D17D51 /* Profile */,
			);
			path = Vc;
			sourceTree = "<group>";
		};
		06DCF0902BFBAA5E00D17D51 /* Cell */ = {
			isa = PBXGroup;
			children = (
				06CE96662BFEFD8E00919501 /* ProductSearchCell */,
				0651E55B2BFDC94E0051849B /* ProductDetailCell */,
				0651E55A2BFDC9430051849B /* ProductCell */,
			);
			path = Cell;
			sourceTree = "<group>";
		};
		06DCF0912BFBAA6A00D17D51 /* Network */ = {
			isa = PBXGroup;
			children = (
				0646DDB52BFCE41500077B07 /* NetworkManager.swift */,
				0646DDC42BFCEEDA00077B07 /* NetworkError.swift */,
				0646DDBC2BFCE5A100077B07 /* ProductEndPoint.swift */,
				0646DDBE2BFCE5CB00077B07 /* EndPoint.swift */,
				0646DDC02BFCEADA00077B07 /* ProductRequestInterceptor.swift */,
			);
			path = Network;
			sourceTree = "<group>";
		};
		06DCF0922BFBAA6F00D17D51 /* DataSource */ = {
			isa = PBXGroup;
			children = (
				06DCF0942BFBAA7800D17D51 /* Remote */,
				06DCF0932BFBAA7300D17D51 /* Local */,
			);
			path = DataSource;
			sourceTree = "<group>";
		};
		06DCF0932BFBAA7300D17D51 /* Local */ = {
			isa = PBXGroup;
			children = (
			);
			path = Local;
			sourceTree = "<group>";
		};
		06DCF0942BFBAA7800D17D51 /* Remote */ = {
			isa = PBXGroup;
			children = (
				0646DDCA2BFCFA5900077B07 /* ProductRemoteDataSource.swift */,
			);
			path = Remote;
			sourceTree = "<group>";
		};
		06DCF0952BFBAA7D00D17D51 /* Model */ = {
			isa = PBXGroup;
			children = (
				06DCF0972BFBAA8500D17D51 /* Request */,
				06DCF0962BFBAA8100D17D51 /* Response */,
			);
			path = Model;
			sourceTree = "<group>";
		};
		06DCF0962BFBAA8100D17D51 /* Response */ = {
			isa = PBXGroup;
			children = (
				0646DDC82BFCF25500077B07 /* ProductListResponse.swift */,
			);
			path = Response;
			sourceTree = "<group>";
		};
		06DCF0972BFBAA8500D17D51 /* Request */ = {
			isa = PBXGroup;
			children = (
				06CE96622BFEEBBA00919501 /* ProductSearchRequest.swift */,
			);
			path = Request;
			sourceTree = "<group>";
		};
		06DCF0982BFBAAA600D17D51 /* Repository */ = {
			isa = PBXGroup;
			children = (
				0646DDCC2BFD025F00077B07 /* ProductRepository.swift */,
			);
			path = Repository;
			sourceTree = "<group>";
		};
		06DCF0992BFBB5F400D17D51 /* Extension */ = {
			isa = PBXGroup;
			children = (
				0646DDC22BFCEDD300077B07 /* NSNotification.swift */,
				0646DDCE2BFD1B6F00077B07 /* Array.swift */,
				0646DDD02BFD281B00077B07 /* UIImageView.swift */,
				0651E5602BFDD5120051849B /* Double.swift */,
				06CE96642BFEEDA100919501 /* Encodable.swift */,
			);
			path = Extension;
			sourceTree = "<group>";
		};
		06DCF09A2BFBB5F900D17D51 /* Utility */ = {
			isa = PBXGroup;
			children = (
				06DCF09B2BFBB60F00D17D51 /* StoryBoarded.swift */,
			);
			path = Utility;
			sourceTree = "<group>";
		};
		06DCF09F2BFBBC2C00D17D51 /* ProductList */ = {
			isa = PBXGroup;
			children = (
				06DCF09D2BFBBC2300D17D51 /* ProductListVC.swift */,
				06DCF0A02BFBBC3F00D17D51 /* ProductListVM.swift */,
			);
			path = ProductList;
			sourceTree = "<group>";
		};
		06DCF0A22BFBBD7700D17D51 /* Navigation */ = {
			isa = PBXGroup;
			children = (
				06DCF0A52BFBBDB300D17D51 /* RootNC.swift */,
			);
			path = Navigation;
			sourceTree = "<group>";
		};
		06DCF0A72BFBBE2100D17D51 /* TabBar */ = {
			isa = PBXGroup;
			children = (
				06DCF0AA2BFBBEAB00D17D51 /* TabBarVC.swift */,
			);
			path = TabBar;
			sourceTree = "<group>";
		};
		06DCF0AC2BFBBF1700D17D51 /* Profile */ = {
			isa = PBXGroup;
			children = (
				06DCF0AD2BFBBF2C00D17D51 /* ProfileVC.swift */,
			);
			path = Profile;
			sourceTree = "<group>";
		};
		06DCF0AF2BFC688200D17D51 /* Cart */ = {
			isa = PBXGroup;
			children = (
				06DCF0B02BFC688C00D17D51 /* CartVC.swift */,
			);
			path = Cart;
			sourceTree = "<group>";
		};
		06DCF0B22BFC68D300D17D51 /* WishList */ = {
			isa = PBXGroup;
			children = (
				06DCF0B32BFC68E700D17D51 /* WishListVC.swift */,
			);
			path = WishList;
			sourceTree = "<group>";
		};
/* End PBXGroup section */

/* Begin PBXNativeTarget section */
		06DCF0742BFB7F2100D17D51 /* Product */ = {
			isa = PBXNativeTarget;
			buildConfigurationList = 06DCF0892BFB7F2600D17D51 /* Build configuration list for PBXNativeTarget "Product" */;
			buildPhases = (
				06DCF0712BFB7F2100D17D51 /* Sources */,
				06DCF0722BFB7F2100D17D51 /* Frameworks */,
				06DCF0732BFB7F2100D17D51 /* Resources */,
			);
			buildRules = (
			);
			dependencies = (
			);
			name = Product;
			packageProductDependencies = (
				0646DDD32BFD28E400077B07 /* Kingfisher */,
				06CE96712BFF5CFC00919501 /* Alamofire */,
			);
			productName = Product;
			productReference = 06DCF0752BFB7F2100D17D51 /* Product.app */;
			productType = "com.apple.product-type.application";
		};
/* End PBXNativeTarget section */

/* Begin PBXProject section */
		06DCF06D2BFB7F2100D17D51 /* Project object */ = {
			isa = PBXProject;
			attributes = {
				BuildIndependentTargetsInParallel = 1;
				LastSwiftUpdateCheck = 1530;
				LastUpgradeCheck = 1530;
				TargetAttributes = {
					06DCF0742BFB7F2100D17D51 = {
						CreatedOnToolsVersion = 15.3;
					};
				};
			};
			buildConfigurationList = 06DCF0702BFB7F2100D17D51 /* Build configuration list for PBXProject "Product" */;
			compatibilityVersion = "Xcode 14.0";
			developmentRegion = en;
			hasScannedForEncodings = 0;
			knownRegions = (
				en,
				Base,
			);
			mainGroup = 06DCF06C2BFB7F2100D17D51;
			packageReferences = (
				0646DDD22BFD28E400077B07 /* XCRemoteSwiftPackageReference "Kingfisher" */,
				06CE96702BFF5CFC00919501 /* XCRemoteSwiftPackageReference "Alamofire" */,
			);
			productRefGroup = 06DCF0762BFB7F2100D17D51 /* Products */;
			projectDirPath = "";
			projectRoot = "";
			targets = (
				06DCF0742BFB7F2100D17D51 /* Product */,
			);
		};
/* End PBXProject section */

/* Begin PBXResourcesBuildPhase section */
		06DCF0732BFB7F2100D17D51 /* Resources */ = {
			isa = PBXResourcesBuildPhase;
			buildActionMask = 2147483647;
			files = (
				0651E55E2BFDC9680051849B /* ProductDetailCell.xib in Resources */,
				06DCF0822BFB7F2500D17D51 /* Assets.xcassets in Resources */,
				0646DDB32BFCE27600077B07 /* ProductCell.xib in Resources */,
				06DCF0852BFB7F2500D17D51 /* Base in Resources */,
				06DCF0802BFB7F2100D17D51 /* Base in Resources */,
				06CE96692BFEFDB800919501 /* ProductSearchCell.xib in Resources */,
			);
			runOnlyForDeploymentPostprocessing = 0;
		};
/* End PBXResourcesBuildPhase section */

/* Begin PBXSourcesBuildPhase section */
		06DCF0712BFB7F2100D17D51 /* Sources */ = {
			isa = PBXSourcesBuildPhase;
			buildActionMask = 2147483647;
			files = (
				0646DDC52BFCEEDA00077B07 /* NetworkError.swift in Sources */,
				06CE965F2BFECCC600919501 /* ProductSearchVC.swift in Sources */,
				0646DDD12BFD281B00077B07 /* UIImageView.swift in Sources */,
				0646DDBD2BFCE5A100077B07 /* ProductEndPoint.swift in Sources */,
				0646DDB62BFCE41500077B07 /* NetworkManager.swift in Sources */,
				06DCF09E2BFBBC2300D17D51 /* ProductListVC.swift in Sources */,
				0646DDB42BFCE27600077B07 /* ProductCell.swift in Sources */,
				06DCF0AB2BFBBEAB00D17D51 /* TabBarVC.swift in Sources */,
				0646DDCB2BFCFA5900077B07 /* ProductRemoteDataSource.swift in Sources */,
				0651E5612BFDD5120051849B /* Double.swift in Sources */,
				06DCF0792BFB7F2100D17D51 /* AppDelegate.swift in Sources */,
				06DCF0A62BFBBDB300D17D51 /* RootNC.swift in Sources */,
				0646DDC32BFCEDD300077B07 /* NSNotification.swift in Sources */,
				06DCF0AE2BFBBF2C00D17D51 /* ProfileVC.swift in Sources */,
				06CE966A2BFEFDB800919501 /* ProductSearchCell.swift in Sources */,
				0646DDCF2BFD1B6F00077B07 /* Array.swift in Sources */,
				06CE96632BFEEBBA00919501 /* ProductSearchRequest.swift in Sources */,
				0646DDCD2BFD025F00077B07 /* ProductRepository.swift in Sources */,
				06DCF0B42BFC68E700D17D51 /* WishListVC.swift in Sources */,
				06DCF0B12BFC688C00D17D51 /* CartVC.swift in Sources */,
				06CE96652BFEEDA100919501 /* Encodable.swift in Sources */,
				0646DDC12BFCEADA00077B07 /* ProductRequestInterceptor.swift in Sources */,
				0646DDC92BFCF25500077B07 /* ProductListResponse.swift in Sources */,
				0651E5632BFDD9BE0051849B /* ProductDetailVM.swift in Sources */,
				0651E5592BFDC5C20051849B /* ProductDetailVC.swift in Sources */,
				06DCF07B2BFB7F2100D17D51 /* SceneDelegate.swift in Sources */,
				06DCF0A12BFBBC3F00D17D51 /* ProductListVM.swift in Sources */,
				0646DDBF2BFCE5CB00077B07 /* EndPoint.swift in Sources */,
				0651E55F2BFDC9680051849B /* ProductDetailCell.swift in Sources */,
				06CE96612BFECCD400919501 /* ProductSearchVM.swift in Sources */,
				06DCF09C2BFBB60F00D17D51 /* StoryBoarded.swift in Sources */,
			);
			runOnlyForDeploymentPostprocessing = 0;
		};
/* End PBXSourcesBuildPhase section */

/* Begin PBXVariantGroup section */
		06DCF07E2BFB7F2100D17D51 /* Main.storyboard */ = {
			isa = PBXVariantGroup;
			children = (
				06DCF07F2BFB7F2100D17D51 /* Base */,
			);
			name = Main.storyboard;
			sourceTree = "<group>";
		};
		06DCF0832BFB7F2500D17D51 /* LaunchScreen.storyboard */ = {
			isa = PBXVariantGroup;
			children = (
				06DCF0842BFB7F2500D17D51 /* Base */,
			);
			name = LaunchScreen.storyboard;
			sourceTree = "<group>";
		};
/* End PBXVariantGroup section */

/* Begin XCBuildConfiguration section */
		06DCF0872BFB7F2600D17D51 /* Debug */ = {
			isa = XCBuildConfiguration;
			buildSettings = {
				ALWAYS_SEARCH_USER_PATHS = NO;
				ASSETCATALOG_COMPILER_GENERATE_SWIFT_ASSET_SYMBOL_EXTENSIONS = YES;
				CLANG_ANALYZER_NONNULL = YES;
				CLANG_ANALYZER_NUMBER_OBJECT_CONVERSION = YES_AGGRESSIVE;
				CLANG_CXX_LANGUAGE_STANDARD = "gnu++20";
				CLANG_ENABLE_MODULES = YES;
				CLANG_ENABLE_OBJC_ARC = YES;
				CLANG_ENABLE_OBJC_WEAK = YES;
				CLANG_WARN_BLOCK_CAPTURE_AUTORELEASING = YES;
				CLANG_WARN_BOOL_CONVERSION = YES;
				CLANG_WARN_COMMA = YES;
				CLANG_WARN_CONSTANT_CONVERSION = YES;
				CLANG_WARN_DEPRECATED_OBJC_IMPLEMENTATIONS = YES;
				CLANG_WARN_DIRECT_OBJC_ISA_USAGE = YES_ERROR;
				CLANG_WARN_DOCUMENTATION_COMMENTS = YES;
				CLANG_WARN_EMPTY_BODY = YES;
				CLANG_WARN_ENUM_CONVERSION = YES;
				CLANG_WARN_INFINITE_RECURSION = YES;
				CLANG_WARN_INT_CONVERSION = YES;
				CLANG_WARN_NON_LITERAL_NULL_CONVERSION = YES;
				CLANG_WARN_OBJC_IMPLICIT_RETAIN_SELF = YES;
				CLANG_WARN_OBJC_LITERAL_CONVERSION = YES;
				CLANG_WARN_OBJC_ROOT_CLASS = YES_ERROR;
				CLANG_WARN_QUOTED_INCLUDE_IN_FRAMEWORK_HEADER = YES;
				CLANG_WARN_RANGE_LOOP_ANALYSIS = YES;
				CLANG_WARN_STRICT_PROTOTYPES = YES;
				CLANG_WARN_SUSPICIOUS_MOVE = YES;
				CLANG_WARN_UNGUARDED_AVAILABILITY = YES_AGGRESSIVE;
				CLANG_WARN_UNREACHABLE_CODE = YES;
				CLANG_WARN__DUPLICATE_METHOD_MATCH = YES;
				COPY_PHASE_STRIP = NO;
				DEBUG_INFORMATION_FORMAT = dwarf;
				ENABLE_STRICT_OBJC_MSGSEND = YES;
				ENABLE_TESTABILITY = YES;
				ENABLE_USER_SCRIPT_SANDBOXING = YES;
				GCC_C_LANGUAGE_STANDARD = gnu17;
				GCC_DYNAMIC_NO_PIC = NO;
				GCC_NO_COMMON_BLOCKS = YES;
				GCC_OPTIMIZATION_LEVEL = 0;
				GCC_PREPROCESSOR_DEFINITIONS = (
					"DEBUG=1",
					"$(inherited)",
				);
				GCC_WARN_64_TO_32_BIT_CONVERSION = YES;
				GCC_WARN_ABOUT_RETURN_TYPE = YES_ERROR;
				GCC_WARN_UNDECLARED_SELECTOR = YES;
				GCC_WARN_UNINITIALIZED_AUTOS = YES_AGGRESSIVE;
				GCC_WARN_UNUSED_FUNCTION = YES;
				GCC_WARN_UNUSED_VARIABLE = YES;
				IPHONEOS_DEPLOYMENT_TARGET = 16.0;
				LOCALIZATION_PREFERS_STRING_CATALOGS = YES;
				MTL_ENABLE_DEBUG_INFO = INCLUDE_SOURCE;
				MTL_FAST_MATH = YES;
				ONLY_ACTIVE_ARCH = YES;
				SDKROOT = iphoneos;
				SWIFT_ACTIVE_COMPILATION_CONDITIONS = "DEBUG $(inherited)";
				SWIFT_OPTIMIZATION_LEVEL = "-Onone";
			};
			name = Debug;
		};
		06DCF0882BFB7F2600D17D51 /* Release */ = {
			isa = XCBuildConfiguration;
			buildSettings = {
				ALWAYS_SEARCH_USER_PATHS = NO;
				ASSETCATALOG_COMPILER_GENERATE_SWIFT_ASSET_SYMBOL_EXTENSIONS = YES;
				CLANG_ANALYZER_NONNULL = YES;
				CLANG_ANALYZER_NUMBER_OBJECT_CONVERSION = YES_AGGRESSIVE;
				CLANG_CXX_LANGUAGE_STANDARD = "gnu++20";
				CLANG_ENABLE_MODULES = YES;
				CLANG_ENABLE_OBJC_ARC = YES;
				CLANG_ENABLE_OBJC_WEAK = YES;
				CLANG_WARN_BLOCK_CAPTURE_AUTORELEASING = YES;
				CLANG_WARN_BOOL_CONVERSION = YES;
				CLANG_WARN_COMMA = YES;
				CLANG_WARN_CONSTANT_CONVERSION = YES;
				CLANG_WARN_DEPRECATED_OBJC_IMPLEMENTATIONS = YES;
				CLANG_WARN_DIRECT_OBJC_ISA_USAGE = YES_ERROR;
				CLANG_WARN_DOCUMENTATION_COMMENTS = YES;
				CLANG_WARN_EMPTY_BODY = YES;
				CLANG_WARN_ENUM_CONVERSION = YES;
				CLANG_WARN_INFINITE_RECURSION = YES;
				CLANG_WARN_INT_CONVERSION = YES;
				CLANG_WARN_NON_LITERAL_NULL_CONVERSION = YES;
				CLANG_WARN_OBJC_IMPLICIT_RETAIN_SELF = YES;
				CLANG_WARN_OBJC_LITERAL_CONVERSION = YES;
				CLANG_WARN_OBJC_ROOT_CLASS = YES_ERROR;
				CLANG_WARN_QUOTED_INCLUDE_IN_FRAMEWORK_HEADER = YES;
				CLANG_WARN_RANGE_LOOP_ANALYSIS = YES;
				CLANG_WARN_STRICT_PROTOTYPES = YES;
				CLANG_WARN_SUSPICIOUS_MOVE = YES;
				CLANG_WARN_UNGUARDED_AVAILABILITY = YES_AGGRESSIVE;
				CLANG_WARN_UNREACHABLE_CODE = YES;
				CLANG_WARN__DUPLICATE_METHOD_MATCH = YES;
				COPY_PHASE_STRIP = NO;
				DEBUG_INFORMATION_FORMAT = "dwarf-with-dsym";
				ENABLE_NS_ASSERTIONS = NO;
				ENABLE_STRICT_OBJC_MSGSEND = YES;
				ENABLE_USER_SCRIPT_SANDBOXING = YES;
				GCC_C_LANGUAGE_STANDARD = gnu17;
				GCC_NO_COMMON_BLOCKS = YES;
				GCC_WARN_64_TO_32_BIT_CONVERSION = YES;
				GCC_WARN_ABOUT_RETURN_TYPE = YES_ERROR;
				GCC_WARN_UNDECLARED_SELECTOR = YES;
				GCC_WARN_UNINITIALIZED_AUTOS = YES_AGGRESSIVE;
				GCC_WARN_UNUSED_FUNCTION = YES;
				GCC_WARN_UNUSED_VARIABLE = YES;
				IPHONEOS_DEPLOYMENT_TARGET = 16.0;
				LOCALIZATION_PREFERS_STRING_CATALOGS = YES;
				MTL_ENABLE_DEBUG_INFO = NO;
				MTL_FAST_MATH = YES;
				SDKROOT = iphoneos;
				SWIFT_COMPILATION_MODE = wholemodule;
				VALIDATE_PRODUCT = YES;
			};
			name = Release;
		};
		06DCF08A2BFB7F2600D17D51 /* Debug */ = {
			isa = XCBuildConfiguration;
			buildSettings = {
				ASSETCATALOG_COMPILER_APPICON_NAME = AppIcon;
				ASSETCATALOG_COMPILER_GLOBAL_ACCENT_COLOR_NAME = AccentColor;
				CODE_SIGN_STYLE = Automatic;
				CURRENT_PROJECT_VERSION = 1;
				DEVELOPMENT_TEAM = TBSLHJAF4T;
				GENERATE_INFOPLIST_FILE = YES;
				INFOPLIST_FILE = Product/Info.plist;
				INFOPLIST_KEY_CFBundleDisplayName = Product;
				INFOPLIST_KEY_UIApplicationSupportsIndirectInputEvents = YES;
				INFOPLIST_KEY_UILaunchStoryboardName = LaunchScreen;
				INFOPLIST_KEY_UIMainStoryboardFile = Main;
				INFOPLIST_KEY_UISupportedInterfaceOrientations_iPad = "UIInterfaceOrientationPortrait UIInterfaceOrientationPortraitUpsideDown UIInterfaceOrientationLandscapeLeft UIInterfaceOrientationLandscapeRight";
				INFOPLIST_KEY_UISupportedInterfaceOrientations_iPhone = "UIInterfaceOrientationPortrait UIInterfaceOrientationLandscapeLeft UIInterfaceOrientationLandscapeRight";
				IPHONEOS_DEPLOYMENT_TARGET = 16.0;
				LD_RUNPATH_SEARCH_PATHS = (
					"$(inherited)",
					"@executable_path/Frameworks",
				);
				MARKETING_VERSION = 1.0;
				PRODUCT_BUNDLE_IDENTIFIER = com.max.product;
				PRODUCT_NAME = "$(TARGET_NAME)";
				SUPPORTED_PLATFORMS = "iphoneos iphonesimulator";
				SUPPORTS_MACCATALYST = NO;
				SUPPORTS_MAC_DESIGNED_FOR_IPHONE_IPAD = NO;
				SUPPORTS_XR_DESIGNED_FOR_IPHONE_IPAD = NO;
				SWIFT_EMIT_LOC_STRINGS = YES;
				SWIFT_VERSION = 5.0;
				TARGETED_DEVICE_FAMILY = "1,2";
			};
			name = Debug;
		};
		06DCF08B2BFB7F2600D17D51 /* Release */ = {
			isa = XCBuildConfiguration;
			buildSettings = {
				ASSETCATALOG_COMPILER_APPICON_NAME = AppIcon;
				ASSETCATALOG_COMPILER_GLOBAL_ACCENT_COLOR_NAME = AccentColor;
				CODE_SIGN_STYLE = Automatic;
				CURRENT_PROJECT_VERSION = 1;
				DEVELOPMENT_TEAM = TBSLHJAF4T;
				GENERATE_INFOPLIST_FILE = YES;
				INFOPLIST_FILE = Product/Info.plist;
				INFOPLIST_KEY_CFBundleDisplayName = Product;
				INFOPLIST_KEY_UIApplicationSupportsIndirectInputEvents = YES;
				INFOPLIST_KEY_UILaunchStoryboardName = LaunchScreen;
				INFOPLIST_KEY_UIMainStoryboardFile = Main;
				INFOPLIST_KEY_UISupportedInterfaceOrientations_iPad = "UIInterfaceOrientationPortrait UIInterfaceOrientationPortraitUpsideDown UIInterfaceOrientationLandscapeLeft UIInterfaceOrientationLandscapeRight";
				INFOPLIST_KEY_UISupportedInterfaceOrientations_iPhone = "UIInterfaceOrientationPortrait UIInterfaceOrientationLandscapeLeft UIInterfaceOrientationLandscapeRight";
				IPHONEOS_DEPLOYMENT_TARGET = 16.0;
				LD_RUNPATH_SEARCH_PATHS = (
					"$(inherited)",
					"@executable_path/Frameworks",
				);
				MARKETING_VERSION = 1.0;
				PRODUCT_BUNDLE_IDENTIFIER = com.max.product;
				PRODUCT_NAME = "$(TARGET_NAME)";
				SUPPORTED_PLATFORMS = "iphoneos iphonesimulator";
				SUPPORTS_MACCATALYST = NO;
				SUPPORTS_MAC_DESIGNED_FOR_IPHONE_IPAD = NO;
				SUPPORTS_XR_DESIGNED_FOR_IPHONE_IPAD = NO;
				SWIFT_EMIT_LOC_STRINGS = YES;
				SWIFT_VERSION = 5.0;
				TARGETED_DEVICE_FAMILY = "1,2";
			};
			name = Release;
		};
/* End XCBuildConfiguration section */

/* Begin XCConfigurationList section */
		06DCF0702BFB7F2100D17D51 /* Build configuration list for PBXProject "Product" */ = {
			isa = XCConfigurationList;
			buildConfigurations = (
				06DCF0872BFB7F2600D17D51 /* Debug */,
				06DCF0882BFB7F2600D17D51 /* Release */,
			);
			defaultConfigurationIsVisible = 0;
			defaultConfigurationName = Release;
		};
		06DCF0892BFB7F2600D17D51 /* Build configuration list for PBXNativeTarget "Product" */ = {
			isa = XCConfigurationList;
			buildConfigurations = (
				06DCF08A2BFB7F2600D17D51 /* Debug */,
				06DCF08B2BFB7F2600D17D51 /* Release */,
			);
			defaultConfigurationIsVisible = 0;
			defaultConfigurationName = Release;
		};
/* End XCConfigurationList section */

/* Begin XCRemoteSwiftPackageReference section */
		0646DDD22BFD28E400077B07 /* XCRemoteSwiftPackageReference "Kingfisher" */ = {
			isa = XCRemoteSwiftPackageReference;
			repositoryURL = "https://github.com/onevcat/Kingfisher.git";
			requirement = {
				kind = upToNextMajorVersion;
				minimumVersion = 7.11.0;
			};
		};
		06CE96702BFF5CFC00919501 /* XCRemoteSwiftPackageReference "Alamofire" */ = {
			isa = XCRemoteSwiftPackageReference;
			repositoryURL = "https://github.com/Alamofire/Alamofire.git";
			requirement = {
				kind = upToNextMajorVersion;
				minimumVersion = 5.9.1;
			};
		};
/* End XCRemoteSwiftPackageReference section */

/* Begin XCSwiftPackageProductDependency section */
		0646DDD32BFD28E400077B07 /* Kingfisher */ = {
			isa = XCSwiftPackageProductDependency;
			package = 0646DDD22BFD28E400077B07 /* XCRemoteSwiftPackageReference "Kingfisher" */;
			productName = Kingfisher;
		};
		06CE96712BFF5CFC00919501 /* Alamofire */ = {
			isa = XCSwiftPackageProductDependency;
			package = 06CE96702BFF5CFC00919501 /* XCRemoteSwiftPackageReference "Alamofire" */;
			productName = Alamofire;
		};
/* End XCSwiftPackageProductDependency section */
	};
	rootObject = 06DCF06D2BFB7F2100D17D51 /* Project object */;
}
